
Microsoft Visual Studio Solution File, Format Version 12.00
# Visual Studio Version 16
VisualStudioVersion = 16.0.30011.22
MinimumVisualStudioVersion = 10.0.40219.1
Project("{9A19103F-16F7-4668-BE54-9A1E7A4F7556}") = "DigitalLearningSolutions.Web", "DigitalLearningSolutions.Web\DigitalLearningSolutions.Web.csproj", "{DE1BE25A-B979-47BE-9D88-203F02FE2001}"
EndProject
Project("{2150E333-8FDC-42A3-9474-1A3956D46DE8}") = "Solution Items", "Solution Items", "{4FD8D695-2541-4748-AF48-AF2666C9323F}"
	ProjectSection(SolutionItems) = preProject
		.editorconfig = .editorconfig
		.gitignore = .gitignore
	EndProjectSection
EndProject
Project("{9A19103F-16F7-4668-BE54-9A1E7A4F7556}") = "DigitalLearningSolutions.Web.Tests", "DigitalLearningSolutions.Web.Tests\DigitalLearningSolutions.Web.Tests.csproj", "{BE482B71-E96B-43E5-9294-D00AD86065BC}"
EndProject
Global
	GlobalSection(SolutionConfigurationPlatforms) = preSolution
		Debug|Any CPU = Debug|Any CPU
		Release|Any CPU = Release|Any CPU
	EndGlobalSection
	GlobalSection(ProjectConfigurationPlatforms) = postSolution
		{DE1BE25A-B979-47BE-9D88-203F02FE2001}.Debug|Any CPU.ActiveCfg = Debug|Any CPU
		{DE1BE25A-B979-47BE-9D88-203F02FE2001}.Debug|Any CPU.Build.0 = Debug|Any CPU
		{DE1BE25A-B979-47BE-9D88-203F02FE2001}.Release|Any CPU.ActiveCfg = Release|Any CPU
		{DE1BE25A-B979-47BE-9D88-203F02FE2001}.Release|Any CPU.Build.0 = Release|Any CPU
		{BE482B71-E96B-43E5-9294-D00AD86065BC}.Debug|Any CPU.ActiveCfg = Debug|Any CPU
		{BE482B71-E96B-43E5-9294-D00AD86065BC}.Debug|Any CPU.Build.0 = Debug|Any CPU
		{BE482B71-E96B-43E5-9294-D00AD86065BC}.Release|Any CPU.ActiveCfg = Release|Any CPU
		{BE482B71-E96B-43E5-9294-D00AD86065BC}.Release|Any CPU.Build.0 = Release|Any CPU
	EndGlobalSection
	GlobalSection(SolutionProperties) = preSolution
		HideSolutionNode = FALSE
	EndGlobalSection
	GlobalSection(ExtensibilityGlobals) = postSolution
		SolutionGuid = {AFC206AA-78B3-46DD-91EB-B3066F4DA531}
	EndGlobalSection
EndGlobal
